<?xml version="1.0" encoding="utf-8"?>
<Project ToolsVersion="4.0" xmlns="http://schemas.microsoft.com/developer/msbuild/2003">
  <ItemGroup>
    <Filter Include="Source Files">
      <UniqueIdentifier>{d23c4ce0-5921-40c0-971a-899d01a69e0e}</UniqueIdentifier>
      <Extensions>cpp;c;cxx;def;odl;idl;hpj;bat;asm</Extensions>
    </Filter>
    <Filter Include="Header Files">
      <UniqueIdentifier>{601e7902-2b29-4435-b7f2-5f7e11340c48}</UniqueIdentifier>
      <Extensions>h;hpp;hxx;hm;inl;inc</Extensions>
    </Filter>
    <Filter Include="Resource Files">
      <UniqueIdentifier>{01db97c1-8bd2-404d-a22d-86ad65fd29b1}</UniqueIdentifier>
      <Extensions>rc;ico;cur;bmp;dlg;rc2;rct;bin;rgs;gif;jpg;jpeg;jpe</Extensions>
    </Filter>
  </ItemGroup>
  <ItemGroup>
    <ClCompile Include="AlienSprite.cpp">
      <Filter>Source Files</Filter>
    </ClCompile>
    <ClCompile Include="Background.cpp">
      <Filter>Source Files</Filter>
    </ClCompile>
    <ClCompile Include="Bitmap.cpp">
      <Filter>Source Files</Filter>
    </ClCompile>
    <ClCompile Include="GameEngine.cpp">
      <Filter>Source Files</Filter>
    </ClCompile>
    <ClCompile Include="SpaceOut.cpp">
      <Filter>Source Files</Filter>
    </ClCompile>
    <ClCompile Include="Sprite.cpp">
      <Filter>Source Files</Filter>
    </ClCompile>
    <ClCompile Include="PlayerSprite.cpp">
      <Filter>Source Files</Filter>
    </ClCompile>
  </ItemGroup>
  <ItemGroup>
    <ClInclude Include="AlienSprite.h">
      <Filter>Header Files</Filter>
    </ClInclude>
    <ClInclude Include="Background.h">
      <Filter>Header Files</Filter>
    </ClInclude>
    <ClInclude Include="Bitmap.h">
      <Filter>Header Files</Filter>
    </ClInclude>
    <ClInclude Include="GameEngine.h">
      <Filter>Header Files</Filter>
    </ClInclude>
    <ClInclude Include="Resource.h">
      <Filter>Header Files</Filter>
    </ClInclude>
    <ClInclude Include="SpaceOut.h">
      <Filter>Header Files</Filter>
    </ClInclude>
    <ClInclude Include="Sprite.h">
      <Filter>Header Files</Filter>
    </ClInclude>
    <ClInclude Include="PlayerSprite.h">
      <Filter>Header Files</Filter>
    </ClInclude>
  </ItemGroup>
  <ItemGroup>
    <Image Include="SpaceOut.ico">
      <Filter>Resource Files</Filter>
    </Image>
    <Image Include="SpaceOut_sm.ico">
      <Filter>Resource Files</Filter>
    </Image>
    <Image Include="_ladder.bmp">
      <Filter>Resource Files</Filter>
    </Image>
    <Image Include="Desert.bmp">
      <Filter>Resource Files</Filter>
    </Image>
    <Image Include="coin.bmp">
      <Filter>Resource Files</Filter>
    </Image>
    <Image Include="SmCar.bmp">
      <Filter>Resource Files</Filter>
    </Image>
    <Image Include="Missile.bmp">
      <Filter>Resource Files</Filter>
    </Image>
    <Image Include="Blobbo.bmp">
      <Filter>Resource Files</Filter>
    </Image>
    <Image Include="BMissile.bmp">
      <Filter>Resource Files</Filter>
    </Image>
    <Image Include="Jelly.bmp">
      <Filter>Resource Files</Filter>
    </Image>
    <Image Include="JMissile.bmp">
      <Filter>Resource Files</Filter>
    </Image>
    <Image Include="Timmy.bmp">
      <Filter>Resource Files</Filter>
    </Image>
    <Image Include="TMissile.bmp">
      <Filter>Resource Files</Filter>
    </Image>
    <Image Include="SmExplosion.bmp">
      <Filter>Resource Files</Filter>
    </Image>
    <Image Include="LgExplosion.bmp">
      <Filter>Resource Files</Filter>
    </Image>
    <Image Include="GameOver.bmp">
      <Filter>Resource Files</Filter>
    </Image>
    <Image Include="_redBlock.bmp">
      <Filter>Resource Files</Filter>
    </Image>
  </ItemGroup>
  <ItemGroup>
    <ResourceCompile Include="SpaceOut.rc">
      <Filter>Resource Files</Filter>
    </ResourceCompile>
  </ItemGroup>
  <ItemGroup>
    <Media Include="Missile.wav" />
    <Media Include="BMissile.wav" />
    <Media Include="JMissile.wav" />
    <Media Include="TMissile.wav" />
    <Media Include="SmExplode.wav" />
    <Media Include="LgExplode.wav" />
    <Media Include="GameOver.wav" />
  </ItemGroup>
</Project>